
Microsoft Visual Studio Solution File, Format Version 12.00
# Visual Studio Version 16
VisualStudioVersion = 16.0.31205.134
MinimumVisualStudioVersion = 10.0.40219.1
Project("{9A19103F-16F7-4668-BE54-9A1E7A4F7556}") = "BlackMk", "BlackMk\BlackMk.csproj", "{A76FABBD-9535-4A05-8C82-B427F35D2097}"
EndProject
Project("{2150E333-8FDC-42A3-9474-1A3956D46DE8}") = "1 - API", "1 - API", "{5DE5CB1F-9621-4132-85F2-912942230BD3}"
EndProject
Project("{2150E333-8FDC-42A3-9474-1A3956D46DE8}") = "2 - Application", "2 - Application", "{7A61C981-B00D-4F59-BAB2-445265F767E2}"
EndProject
Project("{2150E333-8FDC-42A3-9474-1A3956D46DE8}") = "3 - Service", "3 - Service", "{9F9D711F-2798-4097-B723-15AB887EC46D}"
EndProject
Project("{2150E333-8FDC-42A3-9474-1A3956D46DE8}") = "4 - Repository", "4 - Repository", "{A2E80EBA-9DEA-4562-856E-0F58C33AF21E}"
EndProject
Project("{2150E333-8FDC-42A3-9474-1A3956D46DE8}") = "5 - Domain", "5 - Domain", "{B35BBF27-74AC-4980-9AFC-CA4311DE21CC}"
EndProject
Project("{2150E333-8FDC-42A3-9474-1A3956D46DE8}") = "6 - Infra", "6 - Infra", "{E3B6D9E6-7219-41BC-BB39-7E19AA9B498F}"
EndProject
Project("{2150E333-8FDC-42A3-9474-1A3956D46DE8}") = "6.1 - Data", "6.1 - Data", "{F3FD56AA-BB2E-4309-ABEC-6EF32A8D8DEF}"
EndProject
Project("{2150E333-8FDC-42A3-9474-1A3956D46DE8}") = "6.2 - CrossCutting", "6.2 - CrossCutting", "{B82EED5E-8715-4124-AB19-7AE2882CEF3B}"
EndProject
Project("{9A19103F-16F7-4668-BE54-9A1E7A4F7556}") = "Black.Infra.CrossCutting.Common", "Procard.Infra.CrossCutting.Common\Black.Infra.CrossCutting.Common.csproj", "{B84A13EA-6662-4322-BFD2-B2A89F2CB1C3}"
EndProject
Project("{9A19103F-16F7-4668-BE54-9A1E7A4F7556}") = "Black.Domain.Core", "Procard.Domain.Core\Black.Domain.Core.csproj", "{659C0FFF-1093-4537-8703-F8B476E4931E}"
EndProject
Project("{9A19103F-16F7-4668-BE54-9A1E7A4F7556}") = "Black.Infra.Data", "Black.Infra.Data\Black.Infra.Data.csproj", "{49F2B810-3CB6-41AC-9BB9-082B3EDBBB1B}"
EndProject
Project("{9A19103F-16F7-4668-BE54-9A1E7A4F7556}") = "Black.Domain", "Black.Domain\Black.Domain.csproj", "{C36F39E0-B92D-44FE-950B-21298B7E86D5}"
EndProject
Project("{9A19103F-16F7-4668-BE54-9A1E7A4F7556}") = "Black.Infra.CrossCutting.Identity", "Black.Infra.CrossCutting.Identity\Black.Infra.CrossCutting.Identity.csproj", "{91CDF8C4-B803-4C41-AAC5-5624E7B77589}"
EndProject
Project("{9A19103F-16F7-4668-BE54-9A1E7A4F7556}") = "Black.Repository", "Black.Repository\Black.Repository.csproj", "{75A7443A-C1AA-43EA-9510-0F892B0B8C49}"
EndProject
Project("{9A19103F-16F7-4668-BE54-9A1E7A4F7556}") = "Black.Repository.Implement", "Black.Repository.Implement\Black.Repository.Implement.csproj", "{803BF06C-25D9-4036-97D1-3F4696EB0E0E}"
EndProject
Project("{9A19103F-16F7-4668-BE54-9A1E7A4F7556}") = "Black.Service", "Black.Service\Black.Service.csproj", "{78878BC8-8F6A-4541-B9A1-9A332734D145}"
EndProject
Project("{9A19103F-16F7-4668-BE54-9A1E7A4F7556}") = "Black.Service.Implement", "Black.Service.Implement\Black.Service.Implement.csproj", "{2795A4C5-6476-4CA7-8B78-17B1F24F7277}"
EndProject
Project("{9A19103F-16F7-4668-BE54-9A1E7A4F7556}") = "Black.Application", "Black.Application\Black.Application.csproj", "{0A38C029-D64E-4C67-BCF5-545AC4BE00B7}"
EndProject
Project("{9A19103F-16F7-4668-BE54-9A1E7A4F7556}") = "Black.Application.Implement", "Black.Application.Implement\Black.Application.Implement.csproj", "{6026F458-8A9F-4249-9335-7022F4CEC9CC}"
EndProject
Project("{9A19103F-16F7-4668-BE54-9A1E7A4F7556}") = "Black.Infra.Framework.Web", "Black.Infra.Framework.Web\Black.Infra.Framework.Web.csproj", "{47EAF814-0280-4E3B-91FF-97C2F8083405}"
EndProject
Project("{9A19103F-16F7-4668-BE54-9A1E7A4F7556}") = "Black.Infra.CrossCutting.IoC", "Black.Infra.CrossCutting.IoC\Black.Infra.CrossCutting.IoC.csproj", "{ED86BC43-164C-4D49-95FE-E64085F14F3C}"
EndProject
Project("{FAE04EC0-301F-11D3-BF4B-00C04F79EFBC}") = "Black.Service.Integration", "Black.Service.Integration\Black.Service.Integration.csproj", "{4CC30DA7-5E2F-44C4-897F-7EEBFF2FDC17}"
EndProject
Global
	GlobalSection(SolutionConfigurationPlatforms) = preSolution
		Debug|Any CPU = Debug|Any CPU
		Release|Any CPU = Release|Any CPU
	EndGlobalSection
	GlobalSection(ProjectConfigurationPlatforms) = postSolution
		{A76FABBD-9535-4A05-8C82-B427F35D2097}.Debug|Any CPU.ActiveCfg = Debug|Any CPU
		{A76FABBD-9535-4A05-8C82-B427F35D2097}.Debug|Any CPU.Build.0 = Debug|Any CPU
		{A76FABBD-9535-4A05-8C82-B427F35D2097}.Release|Any CPU.ActiveCfg = Release|Any CPU
		{A76FABBD-9535-4A05-8C82-B427F35D2097}.Release|Any CPU.Build.0 = Release|Any CPU
		{B84A13EA-6662-4322-BFD2-B2A89F2CB1C3}.Debug|Any CPU.ActiveCfg = Debug|Any CPU
		{B84A13EA-6662-4322-BFD2-B2A89F2CB1C3}.Debug|Any CPU.Build.0 = Debug|Any CPU
		{B84A13EA-6662-4322-BFD2-B2A89F2CB1C3}.Release|Any CPU.ActiveCfg = Release|Any CPU
		{B84A13EA-6662-4322-BFD2-B2A89F2CB1C3}.Release|Any CPU.Build.0 = Release|Any CPU
		{659C0FFF-1093-4537-8703-F8B476E4931E}.Debug|Any CPU.ActiveCfg = Debug|Any CPU
		{659C0FFF-1093-4537-8703-F8B476E4931E}.Debug|Any CPU.Build.0 = Debug|Any CPU
		{659C0FFF-1093-4537-8703-F8B476E4931E}.Release|Any CPU.ActiveCfg = Release|Any CPU
		{659C0FFF-1093-4537-8703-F8B476E4931E}.Release|Any CPU.Build.0 = Release|Any CPU
		{49F2B810-3CB6-41AC-9BB9-082B3EDBBB1B}.Debug|Any CPU.ActiveCfg = Debug|Any CPU
		{49F2B810-3CB6-41AC-9BB9-082B3EDBBB1B}.Debug|Any CPU.Build.0 = Debug|Any CPU
		{49F2B810-3CB6-41AC-9BB9-082B3EDBBB1B}.Release|Any CPU.ActiveCfg = Release|Any CPU
		{49F2B810-3CB6-41AC-9BB9-082B3EDBBB1B}.Release|Any CPU.Build.0 = Release|Any CPU
		{C36F39E0-B92D-44FE-950B-21298B7E86D5}.Debug|Any CPU.ActiveCfg = Debug|Any CPU
		{C36F39E0-B92D-44FE-950B-21298B7E86D5}.Debug|Any CPU.Build.0 = Debug|Any CPU
		{C36F39E0-B92D-44FE-950B-21298B7E86D5}.Release|Any CPU.ActiveCfg = Release|Any CPU
		{C36F39E0-B92D-44FE-950B-21298B7E86D5}.Release|Any CPU.Build.0 = Release|Any CPU
		{91CDF8C4-B803-4C41-AAC5-5624E7B77589}.Debug|Any CPU.ActiveCfg = Debug|Any CPU
		{91CDF8C4-B803-4C41-AAC5-5624E7B77589}.Debug|Any CPU.Build.0 = Debug|Any CPU
		{91CDF8C4-B803-4C41-AAC5-5624E7B77589}.Release|Any CPU.ActiveCfg = Release|Any CPU
		{91CDF8C4-B803-4C41-AAC5-5624E7B77589}.Release|Any CPU.Build.0 = Release|Any CPU
		{75A7443A-C1AA-43EA-9510-0F892B0B8C49}.Debug|Any CPU.ActiveCfg = Debug|Any CPU
		{75A7443A-C1AA-43EA-9510-0F892B0B8C49}.Debug|Any CPU.Build.0 = Debug|Any CPU
		{75A7443A-C1AA-43EA-9510-0F892B0B8C49}.Release|Any CPU.ActiveCfg = Release|Any CPU
		{75A7443A-C1AA-43EA-9510-0F892B0B8C49}.Release|Any CPU.Build.0 = Release|Any CPU
		{803BF06C-25D9-4036-97D1-3F4696EB0E0E}.Debug|Any CPU.ActiveCfg = Debug|Any CPU
		{803BF06C-25D9-4036-97D1-3F4696EB0E0E}.Debug|Any CPU.Build.0 = Debug|Any CPU
		{803BF06C-25D9-4036-97D1-3F4696EB0E0E}.Release|Any CPU.ActiveCfg = Release|Any CPU
		{803BF06C-25D9-4036-97D1-3F4696EB0E0E}.Release|Any CPU.Build.0 = Release|Any CPU
		{78878BC8-8F6A-4541-B9A1-9A332734D145}.Debug|Any CPU.ActiveCfg = Debug|Any CPU
		{78878BC8-8F6A-4541-B9A1-9A332734D145}.Debug|Any CPU.Build.0 = Debug|Any CPU
		{78878BC8-8F6A-4541-B9A1-9A332734D145}.Release|Any CPU.ActiveCfg = Release|Any CPU
		{78878BC8-8F6A-4541-B9A1-9A332734D145}.Release|Any CPU.Build.0 = Release|Any CPU
		{2795A4C5-6476-4CA7-8B78-17B1F24F7277}.Debug|Any CPU.ActiveCfg = Debug|Any CPU
		{2795A4C5-6476-4CA7-8B78-17B1F24F7277}.Debug|Any CPU.Build.0 = Debug|Any CPU
		{2795A4C5-6476-4CA7-8B78-17B1F24F7277}.Release|Any CPU.ActiveCfg = Release|Any CPU
		{2795A4C5-6476-4CA7-8B78-17B1F24F7277}.Release|Any CPU.Build.0 = Release|Any CPU
		{0A38C029-D64E-4C67-BCF5-545AC4BE00B7}.Debug|Any CPU.ActiveCfg = Debug|Any CPU
		{0A38C029-D64E-4C67-BCF5-545AC4BE00B7}.Debug|Any CPU.Build.0 = Debug|Any CPU
		{0A38C029-D64E-4C67-BCF5-545AC4BE00B7}.Release|Any CPU.ActiveCfg = Release|Any CPU
		{0A38C029-D64E-4C67-BCF5-545AC4BE00B7}.Release|Any CPU.Build.0 = Release|Any CPU
		{6026F458-8A9F-4249-9335-7022F4CEC9CC}.Debug|Any CPU.ActiveCfg = Debug|Any CPU
		{6026F458-8A9F-4249-9335-7022F4CEC9CC}.Debug|Any CPU.Build.0 = Debug|Any CPU
		{6026F458-8A9F-4249-9335-7022F4CEC9CC}.Release|Any CPU.ActiveCfg = Release|Any CPU
		{6026F458-8A9F-4249-9335-7022F4CEC9CC}.Release|Any CPU.Build.0 = Release|Any CPU
		{47EAF814-0280-4E3B-91FF-97C2F8083405}.Debug|Any CPU.ActiveCfg = Debug|Any CPU
		{47EAF814-0280-4E3B-91FF-97C2F8083405}.Debug|Any CPU.Build.0 = Debug|Any CPU
		{47EAF814-0280-4E3B-91FF-97C2F8083405}.Release|Any CPU.ActiveCfg = Release|Any CPU
		{47EAF814-0280-4E3B-91FF-97C2F8083405}.Release|Any CPU.Build.0 = Release|Any CPU
		{ED86BC43-164C-4D49-95FE-E64085F14F3C}.Debug|Any CPU.ActiveCfg = Debug|Any CPU
		{ED86BC43-164C-4D49-95FE-E64085F14F3C}.Debug|Any CPU.Build.0 = Debug|Any CPU
		{ED86BC43-164C-4D49-95FE-E64085F14F3C}.Release|Any CPU.ActiveCfg = Release|Any CPU
		{ED86BC43-164C-4D49-95FE-E64085F14F3C}.Release|Any CPU.Build.0 = Release|Any CPU
		{4CC30DA7-5E2F-44C4-897F-7EEBFF2FDC17}.Debug|Any CPU.ActiveCfg = Debug|Any CPU
		{4CC30DA7-5E2F-44C4-897F-7EEBFF2FDC17}.Debug|Any CPU.Build.0 = Debug|Any CPU
		{4CC30DA7-5E2F-44C4-897F-7EEBFF2FDC17}.Release|Any CPU.ActiveCfg = Release|Any CPU
		{4CC30DA7-5E2F-44C4-897F-7EEBFF2FDC17}.Release|Any CPU.Build.0 = Release|Any CPU
	EndGlobalSection
	GlobalSection(SolutionProperties) = preSolution
		HideSolutionNode = FALSE
	EndGlobalSection
	GlobalSection(NestedProjects) = preSolution
		{A76FABBD-9535-4A05-8C82-B427F35D2097} = {5DE5CB1F-9621-4132-85F2-912942230BD3}
		{F3FD56AA-BB2E-4309-ABEC-6EF32A8D8DEF} = {E3B6D9E6-7219-41BC-BB39-7E19AA9B498F}
		{B82EED5E-8715-4124-AB19-7AE2882CEF3B} = {E3B6D9E6-7219-41BC-BB39-7E19AA9B498F}
		{B84A13EA-6662-4322-BFD2-B2A89F2CB1C3} = {B82EED5E-8715-4124-AB19-7AE2882CEF3B}
		{659C0FFF-1093-4537-8703-F8B476E4931E} = {B35BBF27-74AC-4980-9AFC-CA4311DE21CC}
		{49F2B810-3CB6-41AC-9BB9-082B3EDBBB1B} = {F3FD56AA-BB2E-4309-ABEC-6EF32A8D8DEF}
		{C36F39E0-B92D-44FE-950B-21298B7E86D5} = {B35BBF27-74AC-4980-9AFC-CA4311DE21CC}
		{91CDF8C4-B803-4C41-AAC5-5624E7B77589} = {B82EED5E-8715-4124-AB19-7AE2882CEF3B}
		{75A7443A-C1AA-43EA-9510-0F892B0B8C49} = {A2E80EBA-9DEA-4562-856E-0F58C33AF21E}
		{803BF06C-25D9-4036-97D1-3F4696EB0E0E} = {A2E80EBA-9DEA-4562-856E-0F58C33AF21E}
		{78878BC8-8F6A-4541-B9A1-9A332734D145} = {9F9D711F-2798-4097-B723-15AB887EC46D}
		{2795A4C5-6476-4CA7-8B78-17B1F24F7277} = {9F9D711F-2798-4097-B723-15AB887EC46D}
		{0A38C029-D64E-4C67-BCF5-545AC4BE00B7} = {7A61C981-B00D-4F59-BAB2-445265F767E2}
		{6026F458-8A9F-4249-9335-7022F4CEC9CC} = {7A61C981-B00D-4F59-BAB2-445265F767E2}
		{47EAF814-0280-4E3B-91FF-97C2F8083405} = {B82EED5E-8715-4124-AB19-7AE2882CEF3B}
		{ED86BC43-164C-4D49-95FE-E64085F14F3C} = {B82EED5E-8715-4124-AB19-7AE2882CEF3B}
		{4CC30DA7-5E2F-44C4-897F-7EEBFF2FDC17} = {9F9D711F-2798-4097-B723-15AB887EC46D}
	EndGlobalSection
	GlobalSection(ExtensibilityGlobals) = postSolution
		SolutionGuid = {5ED88289-C2BD-49FC-9811-8F8E84087D8D}
	EndGlobalSection
EndGlobal
